{
  "originHash" : "5fcd2baf31dcfefecdfcb323d71a1303c229ea8b10c7775534077991e5c27b93",
  "pins" : [
    {
      "identity" : "braintree_ios",
      "kind" : "remoteSourceControl",
      "location" : "https://github.com/braintree/braintree_ios",
      "state" : {
        "revision" : "30207d6ac63d9f4d3de77b4d075d5bf90460a6e8",
        "version" : "7.7.0"
      }
    }
  ],
  "version" : 3
}
